[[package]]
category = "main"
description = "GraphQL implementation for Python, a port of GraphQL.js, the JavaScript reference implementation for GraphQL."
name = "graphql-core"
optional = false
python-versions = ">=3.6,<4"
version = "3.1.2"

[[package]]
category = "dev"
description = "a python refactoring library..."
name = "rope"
optional = false
python-versions = "*"
version = "0.17.0"

[package.extras]
dev = ["pytest"]

[metadata]
content-hash = "6c1cbcb812f28b92e775ed8140732544151c1c9d4c435de4d1eb19673bacbec7"
lock-version = "1.0"
python-versions = "^3.6"

[metadata.files]
graphql-core = [
    {file = "graphql-core-3.1.2.tar.gz", hash = "sha256:c056424cbdaa0ff67446e4379772f43746bad50a44ec23d643b9bdcd052f5b3a"},
    {file = "graphql_core-3.1.2-py3-none-any.whl", hash = "sha256:b1826fbd1c6c290f7180d758ecf9c3859a46574cff324bf35a10167533c0e463"},
]
rope = [
    {file = "rope-0.17.0.tar.gz", hash = "sha256:658ad6705f43dcf3d6df379da9486529cf30e02d9ea14c5682aa80eb33b649e1"},
]
